
Microsoft Visual Studio Solution File, Format Version 12.00
# Visual Studio Version 17
VisualStudioVersion = 17.11.35327.3
MinimumVisualStudioVersion = 10.0.40219.1
Project("{FAE04EC0-301F-11D3-BF4B-00C04F79EFBC}") = "MauiAppMinhasCompras", "MauiAppMinhasCompras\MauiAppMinhasCompras.csproj", "{C889D1E7-8D28-47DA-A3AC-997A4D2CF091}"
EndProject
Global
	GlobalSection(SolutionConfigurationPlatforms) = preSolution
		Debug|Any CPU = Debug|Any CPU
		Release|Any CPU = Release|Any CPU
	EndGlobalSection
	GlobalSection(ProjectConfigurationPlatforms) = postSolution
		{C889D1E7-8D28-47DA-A3AC-997A4D2CF091}.Debug|Any CPU.ActiveCfg = Debug|Any CPU
		{C889D1E7-8D28-47DA-A3AC-997A4D2CF091}.Debug|Any CPU.Build.0 = Debug|Any CPU
		{C889D1E7-8D28-47DA-A3AC-997A4D2CF091}.Debug|Any CPU.Deploy.0 = Debug|Any CPU
		{C889D1E7-8D28-47DA-A3AC-997A4D2CF091}.Release|Any CPU.ActiveCfg = Release|Any CPU
		{C889D1E7-8D28-47DA-A3AC-997A4D2CF091}.Release|Any CPU.Build.0 = Release|Any CPU
		{C889D1E7-8D28-47DA-A3AC-997A4D2CF091}.Release|Any CPU.Deploy.0 = Release|Any CPU
	EndGlobalSection
	GlobalSection(SolutionProperties) = preSolution
		HideSolutionNode = FALSE
	EndGlobalSection
	GlobalSection(ExtensibilityGlobals) = postSolution
		SolutionGuid = {F7DE7A23-DC93-46CB-95AA-6B7E00B94AFD}
	EndGlobalSection
EndGlobal
